
Microsoft Visual Studio Solution File, Format Version 12.00
# Visual Studio Version 17
VisualStudioVersion = 17.5.33627.172
MinimumVisualStudioVersion = 10.0.40219.1
Project("{9A19103F-16F7-4668-BE54-9A1E7A4F7556}") = "XRayApp.Core", "XRayApp.Core\XRayApp.Core.csproj", "{437839BC-4DAD-4869-AE33-97824FB753A8}"
EndProject
Project("{9A19103F-16F7-4668-BE54-9A1E7A4F7556}") = "XRayApp.Data", "XRayApp.Data\XRayApp.Data.csproj", "{B7125357-C59B-498E-BEE6-C18924199AFF}"
EndProject
Project("{9A19103F-16F7-4668-BE54-9A1E7A4F7556}") = "XRayApp.UI", "XRayApp.UI\XRayApp.UI.csproj", "{BD05D5BD-6B35-47BB-9CFC-25D75A21422F}"
EndProject
Project("{FAE04EC0-301F-11D3-BF4B-00C04F79EFBC}") = "RentgenArmParser", "RentgenArmParser\RentgenArmParser.csproj", "{946EAECB-90AE-42B9-8B25-BB4AF9264665}"
EndProject
Global
	GlobalSection(SolutionConfigurationPlatforms) = preSolution
		Debug|Any CPU = Debug|Any CPU
		Release|Any CPU = Release|Any CPU
	EndGlobalSection
	GlobalSection(ProjectConfigurationPlatforms) = postSolution
		{437839BC-4DAD-4869-AE33-97824FB753A8}.Debug|Any CPU.ActiveCfg = Debug|Any CPU
		{437839BC-4DAD-4869-AE33-97824FB753A8}.Debug|Any CPU.Build.0 = Debug|Any CPU
		{437839BC-4DAD-4869-AE33-97824FB753A8}.Release|Any CPU.ActiveCfg = Release|Any CPU
		{437839BC-4DAD-4869-AE33-97824FB753A8}.Release|Any CPU.Build.0 = Release|Any CPU
		{B7125357-C59B-498E-BEE6-C18924199AFF}.Debug|Any CPU.ActiveCfg = Debug|Any CPU
		{B7125357-C59B-498E-BEE6-C18924199AFF}.Debug|Any CPU.Build.0 = Debug|Any CPU
		{B7125357-C59B-498E-BEE6-C18924199AFF}.Release|Any CPU.ActiveCfg = Release|Any CPU
		{B7125357-C59B-498E-BEE6-C18924199AFF}.Release|Any CPU.Build.0 = Release|Any CPU
		{BD05D5BD-6B35-47BB-9CFC-25D75A21422F}.Debug|Any CPU.ActiveCfg = Debug|Any CPU
		{BD05D5BD-6B35-47BB-9CFC-25D75A21422F}.Debug|Any CPU.Build.0 = Debug|Any CPU
		{BD05D5BD-6B35-47BB-9CFC-25D75A21422F}.Release|Any CPU.ActiveCfg = Release|Any CPU
		{BD05D5BD-6B35-47BB-9CFC-25D75A21422F}.Release|Any CPU.Build.0 = Release|Any CPU
		{946EAECB-90AE-42B9-8B25-BB4AF9264665}.Debug|Any CPU.ActiveCfg = Debug|Any CPU
		{946EAECB-90AE-42B9-8B25-BB4AF9264665}.Debug|Any CPU.Build.0 = Debug|Any CPU
		{946EAECB-90AE-42B9-8B25-BB4AF9264665}.Release|Any CPU.ActiveCfg = Release|Any CPU
		{946EAECB-90AE-42B9-8B25-BB4AF9264665}.Release|Any CPU.Build.0 = Release|Any CPU
	EndGlobalSection
	GlobalSection(SolutionProperties) = preSolution
		HideSolutionNode = FALSE
	EndGlobalSection
	GlobalSection(ExtensibilityGlobals) = postSolution
		SolutionGuid = {F43F4C3E-CC32-46B4-BC8A-8B5345029889}
	EndGlobalSection
EndGlobal
